
Microsoft Visual Studio Solution File, Format Version 12.00
# Visual Studio Version 16
VisualStudioVersion = 16.0.29324.140
MinimumVisualStudioVersion = 10.0.40219.1
Project("{FAE04EC0-301F-11D3-BF4B-00C04F79EFBC}") = "VehicleDashboard.Simulation", "VehicleDashboard.Simulation\VehicleDashboard.Simulation.csproj", "{9060122F-5B64-49A5-93BE-887C9A1C0B6D}"
EndProject
Project("{FAE04EC0-301F-11D3-BF4B-00C04F79EFBC}") = "VehicleDashboard.DatabaseRepositoryInterface", "VehicleDashboard.DatabaseRepositoryInterface\VehicleDashboard.DatabaseRepositoryInterface.csproj", "{54660B74-C4C3-4D72-9652-67925BC75A79}"
EndProject
Project("{FAE04EC0-301F-11D3-BF4B-00C04F79EFBC}") = "VehicleDashboard.DatabaseRepository", "VehicleDashboard.DatabaseRepository\VehicleDashboard.DatabaseRepository.csproj", "{7844F5BF-E163-4337-9DDE-B3D01749559F}"
EndProject
Project("{FAE04EC0-301F-11D3-BF4B-00C04F79EFBC}") = "VehicleDashboard.DomainInterface", "VehicleDashboard.DomainInterface\VehicleDashboard.DomainInterface.csproj", "{B66E7CF4-B254-49E3-B0DE-B01BB97D25C5}"
EndProject
Project("{FAE04EC0-301F-11D3-BF4B-00C04F79EFBC}") = "VehicleDashboard.Domain", "VehicleDashboard.Domain\VehicleDashboard.Domain.csproj", "{9882AA0D-0898-466F-A212-37C788A8B845}"
EndProject
Project("{FAE04EC0-301F-11D3-BF4B-00C04F79EFBC}") = "VehicleDashboard.DatabaseEntity", "VehicleDashboard.DatabaseEntity\VehicleDashboard.DatabaseEntity.csproj", "{86048B60-997C-4D2D-9E6D-35E9E564A0A3}"
EndProject
Project("{FAE04EC0-301F-11D3-BF4B-00C04F79EFBC}") = "VehicleDashboard.IOC", "VehicleDashboard.IOC\VehicleDashboard.IOC.csproj", "{27706717-3001-4969-81D4-24489BEB0282}"
EndProject
Project("{FAE04EC0-301F-11D3-BF4B-00C04F79EFBC}") = "VehicleDashboard.SPA", "VehicleDashboard.SPA\VehicleDashboard.SPA.csproj", "{02047E48-3F54-4E97-A6D4-6B414CAD6DCE}"
EndProject
Project("{FAE04EC0-301F-11D3-BF4B-00C04F79EFBC}") = "VehicleDashboard.API", "VehicleDashboard.API\VehicleDashboard.API.csproj", "{9BC6E5E9-B62F-4DF9-A115-1E61BE3E42A6}"
EndProject
Project("{FAE04EC0-301F-11D3-BF4B-00C04F79EFBC}") = "VehicleDashboard.Gateway", "VehicleDashboard.Gateway\VehicleDashboard.Gateway.csproj", "{F200EACA-9801-40B7-9B22-E39D469F5EED}"
EndProject
Global
	GlobalSection(SolutionConfigurationPlatforms) = preSolution
		Debug|Any CPU = Debug|Any CPU
		Release|Any CPU = Release|Any CPU
	EndGlobalSection
	GlobalSection(ProjectConfigurationPlatforms) = postSolution
		{9060122F-5B64-49A5-93BE-887C9A1C0B6D}.Debug|Any CPU.ActiveCfg = Debug|Any CPU
		{9060122F-5B64-49A5-93BE-887C9A1C0B6D}.Debug|Any CPU.Build.0 = Debug|Any CPU
		{9060122F-5B64-49A5-93BE-887C9A1C0B6D}.Release|Any CPU.ActiveCfg = Release|Any CPU
		{9060122F-5B64-49A5-93BE-887C9A1C0B6D}.Release|Any CPU.Build.0 = Release|Any CPU
		{54660B74-C4C3-4D72-9652-67925BC75A79}.Debug|Any CPU.ActiveCfg = Debug|Any CPU
		{54660B74-C4C3-4D72-9652-67925BC75A79}.Debug|Any CPU.Build.0 = Debug|Any CPU
		{54660B74-C4C3-4D72-9652-67925BC75A79}.Release|Any CPU.ActiveCfg = Release|Any CPU
		{54660B74-C4C3-4D72-9652-67925BC75A79}.Release|Any CPU.Build.0 = Release|Any CPU
		{7844F5BF-E163-4337-9DDE-B3D01749559F}.Debug|Any CPU.ActiveCfg = Debug|Any CPU
		{7844F5BF-E163-4337-9DDE-B3D01749559F}.Debug|Any CPU.Build.0 = Debug|Any CPU
		{7844F5BF-E163-4337-9DDE-B3D01749559F}.Release|Any CPU.ActiveCfg = Release|Any CPU
		{7844F5BF-E163-4337-9DDE-B3D01749559F}.Release|Any CPU.Build.0 = Release|Any CPU
		{B66E7CF4-B254-49E3-B0DE-B01BB97D25C5}.Debug|Any CPU.ActiveCfg = Debug|Any CPU
		{B66E7CF4-B254-49E3-B0DE-B01BB97D25C5}.Debug|Any CPU.Build.0 = Debug|Any CPU
		{B66E7CF4-B254-49E3-B0DE-B01BB97D25C5}.Release|Any CPU.ActiveCfg = Release|Any CPU
		{B66E7CF4-B254-49E3-B0DE-B01BB97D25C5}.Release|Any CPU.Build.0 = Release|Any CPU
		{9882AA0D-0898-466F-A212-37C788A8B845}.Debug|Any CPU.ActiveCfg = Debug|Any CPU
		{9882AA0D-0898-466F-A212-37C788A8B845}.Debug|Any CPU.Build.0 = Debug|Any CPU
		{9882AA0D-0898-466F-A212-37C788A8B845}.Release|Any CPU.ActiveCfg = Release|Any CPU
		{9882AA0D-0898-466F-A212-37C788A8B845}.Release|Any CPU.Build.0 = Release|Any CPU
		{86048B60-997C-4D2D-9E6D-35E9E564A0A3}.Debug|Any CPU.ActiveCfg = Debug|Any CPU
		{86048B60-997C-4D2D-9E6D-35E9E564A0A3}.Debug|Any CPU.Build.0 = Debug|Any CPU
		{86048B60-997C-4D2D-9E6D-35E9E564A0A3}.Release|Any CPU.ActiveCfg = Release|Any CPU
		{86048B60-997C-4D2D-9E6D-35E9E564A0A3}.Release|Any CPU.Build.0 = Release|Any CPU
		{27706717-3001-4969-81D4-24489BEB0282}.Debug|Any CPU.ActiveCfg = Debug|Any CPU
		{27706717-3001-4969-81D4-24489BEB0282}.Debug|Any CPU.Build.0 = Debug|Any CPU
		{27706717-3001-4969-81D4-24489BEB0282}.Release|Any CPU.ActiveCfg = Release|Any CPU
		{27706717-3001-4969-81D4-24489BEB0282}.Release|Any CPU.Build.0 = Release|Any CPU
		{02047E48-3F54-4E97-A6D4-6B414CAD6DCE}.Debug|Any CPU.ActiveCfg = Debug|Any CPU
		{02047E48-3F54-4E97-A6D4-6B414CAD6DCE}.Release|Any CPU.ActiveCfg = Release|Any CPU
		{02047E48-3F54-4E97-A6D4-6B414CAD6DCE}.Release|Any CPU.Build.0 = Release|Any CPU
		{9BC6E5E9-B62F-4DF9-A115-1E61BE3E42A6}.Debug|Any CPU.ActiveCfg = Debug|Any CPU
		{9BC6E5E9-B62F-4DF9-A115-1E61BE3E42A6}.Debug|Any CPU.Build.0 = Debug|Any CPU
		{9BC6E5E9-B62F-4DF9-A115-1E61BE3E42A6}.Release|Any CPU.ActiveCfg = Release|Any CPU
		{9BC6E5E9-B62F-4DF9-A115-1E61BE3E42A6}.Release|Any CPU.Build.0 = Release|Any CPU
		{F200EACA-9801-40B7-9B22-E39D469F5EED}.Debug|Any CPU.ActiveCfg = Debug|Any CPU
		{F200EACA-9801-40B7-9B22-E39D469F5EED}.Debug|Any CPU.Build.0 = Debug|Any CPU
		{F200EACA-9801-40B7-9B22-E39D469F5EED}.Release|Any CPU.ActiveCfg = Release|Any CPU
		{F200EACA-9801-40B7-9B22-E39D469F5EED}.Release|Any CPU.Build.0 = Release|Any CPU
	EndGlobalSection
	GlobalSection(SolutionProperties) = preSolution
		HideSolutionNode = FALSE
	EndGlobalSection
	GlobalSection(ExtensibilityGlobals) = postSolution
		SolutionGuid = {944D6A5F-B13D-4B9C-9A1E-0A828973E1A3}
	EndGlobalSection
EndGlobal
